
Microsoft Visual Studio Solution File, Format Version 12.00
# Visual Studio Version 16
VisualStudioVersion = 16.0.31729.503
MinimumVisualStudioVersion = 10.0.40219.1
Project("{FAE04EC0-301F-11D3-BF4B-00C04F79EFBC}") = "WpfApp1", "WpfApp1\WpfApp1.csproj", "{E1B2A0CC-5805-4F30-B91A-34407B935913}"
EndProject
Project("{FAE04EC0-301F-11D3-BF4B-00C04F79EFBC}") = "ServiceLib", "ServiceLib\ServiceLib.csproj", "{19E2F3DB-AF9E-4066-A4AB-DD2B75CD5958}"
EndProject
Global
	GlobalSection(SolutionConfigurationPlatforms) = preSolution
		Debug|Any CPU = Debug|Any CPU
		Release|Any CPU = Release|Any CPU
	EndGlobalSection
	GlobalSection(ProjectConfigurationPlatforms) = postSolution
		{E1B2A0CC-5805-4F30-B91A-34407B935913}.Debug|Any CPU.ActiveCfg = Debug|Any CPU
		{E1B2A0CC-5805-4F30-B91A-34407B935913}.Debug|Any CPU.Build.0 = Debug|Any CPU
		{E1B2A0CC-5805-4F30-B91A-34407B935913}.Release|Any CPU.ActiveCfg = Release|Any CPU
		{E1B2A0CC-5805-4F30-B91A-34407B935913}.Release|Any CPU.Build.0 = Release|Any CPU
		{19E2F3DB-AF9E-4066-A4AB-DD2B75CD5958}.Debug|Any CPU.ActiveCfg = Debug|Any CPU
		{19E2F3DB-AF9E-4066-A4AB-DD2B75CD5958}.Debug|Any CPU.Build.0 = Debug|Any CPU
		{19E2F3DB-AF9E-4066-A4AB-DD2B75CD5958}.Release|Any CPU.ActiveCfg = Release|Any CPU
		{19E2F3DB-AF9E-4066-A4AB-DD2B75CD5958}.Release|Any CPU.Build.0 = Release|Any CPU
	EndGlobalSection
	GlobalSection(SolutionProperties) = preSolution
		HideSolutionNode = FALSE
	EndGlobalSection
	GlobalSection(ExtensibilityGlobals) = postSolution
		SolutionGuid = {93F7A8C9-487C-4CF4-ADAE-046EC7C7C6EF}
	EndGlobalSection
EndGlobal
